
Microsoft Visual Studio Solution File, Format Version 12.00
# Visual Studio 2012
Project("{FAE04EC0-301F-11D3-BF4B-00C04F79EFBC}") = "NsisCreator", "NsisCreator\NsisCreator.csproj", "{1B7DDC5D-3059-47D6-B2D2-E5614D7AFCF5}"
EndProject
Project("{FAE04EC0-301F-11D3-BF4B-00C04F79EFBC}") = "NsisCreator.Core", "NsisCreator.Core\NsisCreator.Core.csproj", "{EB44B39A-1C1A-4D47-AA64-ED6708937A40}"
EndProject
Project("{FAE04EC0-301F-11D3-BF4B-00C04F79EFBC}") = "NsisCreator.Tests", "NsisCreator.Tests\NsisCreator.Tests.csproj", "{4DBAD287-04C6-41E1-B03E-33D95BE94E98}"
EndProject
Global
	GlobalSection(SolutionConfigurationPlatforms) = preSolution
		Debug|Any CPU = Debug|Any CPU
		Release|Any CPU = Release|Any CPU
	EndGlobalSection
	GlobalSection(ProjectConfigurationPlatforms) = postSolution
		{1B7DDC5D-3059-47D6-B2D2-E5614D7AFCF5}.Debug|Any CPU.ActiveCfg = Debug|Any CPU
		{1B7DDC5D-3059-47D6-B2D2-E5614D7AFCF5}.Debug|Any CPU.Build.0 = Debug|Any CPU
		{1B7DDC5D-3059-47D6-B2D2-E5614D7AFCF5}.Release|Any CPU.ActiveCfg = Release|Any CPU
		{1B7DDC5D-3059-47D6-B2D2-E5614D7AFCF5}.Release|Any CPU.Build.0 = Release|Any CPU
		{EB44B39A-1C1A-4D47-AA64-ED6708937A40}.Debug|Any CPU.ActiveCfg = Debug|Any CPU
		{EB44B39A-1C1A-4D47-AA64-ED6708937A40}.Debug|Any CPU.Build.0 = Debug|Any CPU
		{EB44B39A-1C1A-4D47-AA64-ED6708937A40}.Release|Any CPU.ActiveCfg = Release|Any CPU
		{EB44B39A-1C1A-4D47-AA64-ED6708937A40}.Release|Any CPU.Build.0 = Release|Any CPU
		{4DBAD287-04C6-41E1-B03E-33D95BE94E98}.Debug|Any CPU.ActiveCfg = Debug|Any CPU
		{4DBAD287-04C6-41E1-B03E-33D95BE94E98}.Debug|Any CPU.Build.0 = Debug|Any CPU
		{4DBAD287-04C6-41E1-B03E-33D95BE94E98}.Release|Any CPU.ActiveCfg = Release|Any CPU
		{4DBAD287-04C6-41E1-B03E-33D95BE94E98}.Release|Any CPU.Build.0 = Release|Any CPU
	EndGlobalSection
	GlobalSection(SolutionProperties) = preSolution
		HideSolutionNode = FALSE
	EndGlobalSection
EndGlobal
